Microsoft Visual Studio Solution File, Format Version 12.00
# Visual Studio Version 17
VisualStudioVersion = 17.5.2.0
MinimumVisualStudioVersion = 10.0.40219.1
Project("{FAE04EC0-301F-11D3-BF4B-00C04F79EFBC}") = "fhl-work", "fhl-work.csproj", "{4304FC4C-5A0B-AE19-FC0E-D6410E94FC0B}"
EndProject
Global
	GlobalSection(SolutionConfigurationPlatforms) = preSolution
		Debug|Any CPU = Debug|Any CPU
		Release|Any CPU = Release|Any CPU
	EndGlobalSection
	GlobalSection(ProjectConfigurationPlatforms) = postSolution
		{4304FC4C-5A0B-AE19-FC0E-D6410E94FC0B}.Debug|Any CPU.ActiveCfg = Debug|Any CPU
		{4304FC4C-5A0B-AE19-FC0E-D6410E94FC0B}.Debug|Any CPU.Build.0 = Debug|Any CPU
		{4304FC4C-5A0B-AE19-FC0E-D6410E94FC0B}.Release|Any CPU.ActiveCfg = Release|Any CPU
		{4304FC4C-5A0B-AE19-FC0E-D6410E94FC0B}.Release|Any CPU.Build.0 = Release|Any CPU
	EndGlobalSection
	GlobalSection(SolutionProperties) = preSolution
		HideSolutionNode = FALSE
	EndGlobalSection
	GlobalSection(ExtensibilityGlobals) = postSolution
		SolutionGuid = {F399AD69-C02A-4FC2-A1AD-76061A128965}
	EndGlobalSection
EndGlobal
